
Microsoft Visual Studio Solution File, Format Version 12.00
# Visual Studio Version 17
VisualStudioVersion = 17.1.32210.238
MinimumVisualStudioVersion = 10.0.40219.1
Project("{FAE04EC0-301F-11D3-BF4B-00C04F79EFBC}") = "laco-while", "laco-while\laco-while.csproj", "{510D0511-B07D-4770-A5A1-0424145E126F}"
EndProject
Global
	GlobalSection(SolutionConfigurationPlatforms) = preSolution
		Debug|Any CPU = Debug|Any CPU
		Release|Any CPU = Release|Any CPU
	EndGlobalSection
	GlobalSection(ProjectConfigurationPlatforms) = postSolution
		{510D0511-B07D-4770-A5A1-0424145E126F}.Debug|Any CPU.ActiveCfg = Debug|Any CPU
		{510D0511-B07D-4770-A5A1-0424145E126F}.Debug|Any CPU.Build.0 = Debug|Any CPU
		{510D0511-B07D-4770-A5A1-0424145E126F}.Release|Any CPU.ActiveCfg = Release|Any CPU
		{510D0511-B07D-4770-A5A1-0424145E126F}.Release|Any CPU.Build.0 = Release|Any CPU
	EndGlobalSection
	GlobalSection(SolutionProperties) = preSolution
		HideSolutionNode = FALSE
	EndGlobalSection
	GlobalSection(ExtensibilityGlobals) = postSolution
		SolutionGuid = {B10B2BA3-FE6F-4F0C-8302-21F2C880D3B1}
	EndGlobalSection
EndGlobal
