
Microsoft Visual Studio Solution File, Format Version 12.00
# Visual Studio Version 17
VisualStudioVersion = 17.1.32210.238
MinimumVisualStudioVersion = 10.0.40219.1
Project("{FAE04EC0-301F-11D3-BF4B-00C04F79EFBC}") = "estrutura_condicional", "estrutura_condicional\estrutura_condicional.csproj", "{DE694FCD-DED9-437C-B3C2-35A9B60F7495}"
EndProject
Global
	GlobalSection(SolutionConfigurationPlatforms) = preSolution
		Debug|Any CPU = Debug|Any CPU
		Release|Any CPU = Release|Any CPU
	EndGlobalSection
	GlobalSection(ProjectConfigurationPlatforms) = postSolution
		{DE694FCD-DED9-437C-B3C2-35A9B60F7495}.Debug|Any CPU.ActiveCfg = Debug|Any CPU
		{DE694FCD-DED9-437C-B3C2-35A9B60F7495}.Debug|Any CPU.Build.0 = Debug|Any CPU
		{DE694FCD-DED9-437C-B3C2-35A9B60F7495}.Release|Any CPU.ActiveCfg = Release|Any CPU
		{DE694FCD-DED9-437C-B3C2-35A9B60F7495}.Release|Any CPU.Build.0 = Release|Any CPU
	EndGlobalSection
	GlobalSection(SolutionProperties) = preSolution
		HideSolutionNode = FALSE
	EndGlobalSection
	GlobalSection(ExtensibilityGlobals) = postSolution
		SolutionGuid = {7C70C8BE-6D1E-4CBB-911A-AEF909423094}
	EndGlobalSection
EndGlobal
